// !$*UTF8*$!
{
	archiveVersion = 1;
	classes = {
	};
	objectVersion = 56;
	objects = {

/* Begin PBXBuildFile section */
		669A0A902A9F7A8B0060A151 /* RealityKitContent in Frameworks */ = {isa = PBXBuildFile; productRef = 669A0A8F2A9F7A8B0060A151 /* RealityKitContent */; };
		669A0A922A9F7A8B0060A151 /* TeleVisionApp.swift in Sources */ = {isa = PBXBuildFile; fileRef = 669A0A912A9F7A8B0060A151 /* TeleVisionApp.swift */; };
		669A0A942A9F7A8B0060A151 /* ContentView.swift in Sources */ = {isa = PBXBuildFile; fileRef = 669A0A932A9F7A8B0060A151 /* ContentView.swift */; };
		669A0A962A9F7A8B0060A151 /* ImmersiveView.swift in Sources */ = {isa = PBXBuildFile; fileRef = 669A0A952A9F7A8B0060A151 /* ImmersiveView.swift */; };
		669A0A982A9F7A8B0060A151 /* ImageBasedLighting.skybox in Resources */ = {isa = PBXBuildFile; fileRef = 669A0A972A9F7A8B0060A151 /* ImageBasedLighting.skybox */; };
		669A0A9A2A9F7A8D0060A151 /* Assets.xcassets in Resources */ = {isa = PBXBuildFile; fileRef = 669A0A992A9F7A8D0060A151 /* Assets.xcassets */; };
		669A0A9D2A9F7A8D0060A151 /* Preview Assets.xcassets in Resources */ = {isa = PBXBuildFile; fileRef = 669A0A9C2A9F7A8D0060A151 /* Preview Assets.xcassets */; };
		669A0AA82A9F7A8E0060A151 /* TeleVisionTests.swift in Sources */ = {isa = PBXBuildFile; fileRef = 669A0AA72A9F7A8E0060A151 /* TeleVisionTests.swift */; };
/* End PBXBuildFile section */

/* Begin PBXContainerItemProxy section */
		669A0AA42A9F7A8E0060A151 /* PBXContainerItemProxy */ = {
			isa = PBXContainerItemProxy;
			containerPortal = 669A0A822A9F7A8B0060A151 /* Project object */;
			proxyType = 1;
			remoteGlobalIDString = 669A0A892A9F7A8B0060A151;
			remoteInfo = TeleVision;
		};
/* End PBXContainerItemProxy section */

/* Begin PBXFileReference section */
		669A0A8A2A9F7A8B0060A151 /* TeleVision.app */ = {isa = PBXFileReference; explicitFileType = wrapper.application; includeInIndex = 0; path = TeleVision.app; sourceTree = BUILT_PRODUCTS_DIR; };
		669A0A8E2A9F7A8B0060A151 /* RealityKitContent */ = {isa = PBXFileReference; lastKnownFileType = wrapper; path = RealityKitContent; sourceTree = "<group>"; };
		669A0A912A9F7A8B0060A151 /* TeleVisionApp.swift */ = {isa = PBXFileReference; lastKnownFileType = sourcecode.swift; path = TeleVisionApp.swift; sourceTree = "<group>"; };
		669A0A932A9F7A8B0060A151 /* ContentView.swift */ = {isa = PBXFileReference; lastKnownFileType = sourcecode.swift; path = ContentView.swift; sourceTree = "<group>"; };
		669A0A952A9F7A8B0060A151 /* ImmersiveView.swift */ = {isa = PBXFileReference; lastKnownFileType = sourcecode.swift; path = ImmersiveView.swift; sourceTree = "<group>"; };
		669A0A972A9F7A8B0060A151 /* ImageBasedLighting.skybox */ = {isa = PBXFileReference; lastKnownFileType = file.skybox; path = ImageBasedLighting.skybox; sourceTree = "<group>"; };
		669A0A992A9F7A8D0060A151 /* Assets.xcassets */ = {isa = PBXFileReference; lastKnownFileType = folder.assetcatalog; path = Assets.xcassets; sourceTree = "<group>"; };
		669A0A9C2A9F7A8D0060A151 /* Preview Assets.xcassets */ = {isa = PBXFileReference; lastKnownFileType = folder.assetcatalog; path = "Preview Assets.xcassets"; sourceTree = "<group>"; };
		669A0A9E2A9F7A8D0060A151 /* Info.plist */ = {isa = PBXFileReference; lastKnownFileType = text.plist.xml; path = Info.plist; sourceTree = "<group>"; };
		669A0AA32A9F7A8E0060A151 /* TeleVisionTests.xctest */ = {isa = PBXFileReference; explicitFileType = wrapper.cfbundle; includeInIndex = 0; path = TeleVisionTests.xctest; sourceTree = BUILT_PRODUCTS_DIR; };
		669A0AA72A9F7A8E0060A151 /* TeleVisionTests.swift */ = {isa = PBXFileReference; lastKnownFileType = sourcecode.swift; path = TeleVisionTests.swift; sourceTree = "<group>"; };
/* End PBXFileReference section */

/* Begin PBXFrameworksBuildPhase section */
		669A0A872A9F7A8B0060A151 /* Frameworks */ = {
			isa = PBXFrameworksBuildPhase;
			buildActionMask = 2147483647;
			files = (
				669A0A902A9F7A8B0060A151 /* RealityKitContent in Frameworks */,
			);
			runOnlyForDeploymentPostprocessing = 0;
		};
		669A0AA02A9F7A8E0060A151 /* Frameworks */ = {
			isa = PBXFrameworksBuildPhase;
			buildActionMask = 2147483647;
			files = (
			);
			runOnlyForDeploymentPostprocessing = 0;
		};
/* End PBXFrameworksBuildPhase section */

/* Begin PBXGroup section */
		669A0A812A9F7A8B0060A151 = {
			isa = PBXGroup;
			children = (
				669A0A8C2A9F7A8B0060A151 /* TeleVision */,
				669A0A8D2A9F7A8B0060A151 /* Packages */,
				669A0AA62A9F7A8E0060A151 /* TeleVisionTests */,
				669A0A8B2A9F7A8B0060A151 /* Products */,
			);
			sourceTree = "<group>";
		};
		669A0A8B2A9F7A8B0060A151 /* Products */ = {
			isa = PBXGroup;
			children = (
				669A0A8A2A9F7A8B0060A151 /* TeleVision.app */,
				669A0AA32A9F7A8E0060A151 /* TeleVisionTests.xctest */,
			);
			name = Products;
			sourceTree = "<group>";
		};
		669A0A8C2A9F7A8B0060A151 /* TeleVision */ = {
			isa = PBXGroup;
			children = (
				669A0A912A9F7A8B0060A151 /* TeleVisionApp.swift */,
				669A0A932A9F7A8B0060A151 /* ContentView.swift */,
				669A0A952A9F7A8B0060A151 /* ImmersiveView.swift */,
				669A0A972A9F7A8B0060A151 /* ImageBasedLighting.skybox */,
				669A0A992A9F7A8D0060A151 /* Assets.xcassets */,
				669A0A9E2A9F7A8D0060A151 /* Info.plist */,
				669A0A9B2A9F7A8D0060A151 /* Preview Content */,
			);
			path = TeleVision;
			sourceTree = "<group>";
		};
		669A0A8D2A9F7A8B0060A151 /* Packages */ = {
			isa = PBXGroup;
			children = (
				669A0A8E2A9F7A8B0060A151 /* RealityKitContent */,
			);
			path = Packages;
			sourceTree = "<group>";
		};
		669A0A9B2A9F7A8D0060A151 /* Preview Content */ = {
			isa = PBXGroup;
			children = (
				669A0A9C2A9F7A8D0060A151 /* Preview Assets.xcassets */,
			);
			path = "Preview Content";
			sourceTree = "<group>";
		};
		669A0AA62A9F7A8E0060A151 /* TeleVisionTests */ = {
			isa = PBXGroup;
			children = (
				669A0AA72A9F7A8E0060A151 /* TeleVisionTests.swift */,
			);
			path = TeleVisionTests;
			sourceTree = "<group>";
		};
/* End PBXGroup section */

/* Begin PBXNativeTarget section */
		669A0A892A9F7A8B0060A151 /* TeleVision */ = {
			isa = PBXNativeTarget;
			buildConfigurationList = 669A0AAB2A9F7A8E0060A151 /* Build configuration list for PBXNativeTarget "TeleVision" */;
			buildPhases = (
				669A0A862A9F7A8B0060A151 /* Sources */,
				669A0A872A9F7A8B0060A151 /* Frameworks */,
				669A0A882A9F7A8B0060A151 /* Resources */,
			);
			buildRules = (
			);
			dependencies = (
			);
			name = TeleVision;
			packageProductDependencies = (
				669A0A8F2A9F7A8B0060A151 /* RealityKitContent */,
			);
			productName = TeleVision;
			productReference = 669A0A8A2A9F7A8B0060A151 /* TeleVision.app */;
			productType = "com.apple.product-type.application";
		};
		669A0AA22A9F7A8E0060A151 /* TeleVisionTests */ = {
			isa = PBXNativeTarget;
			buildConfigurationList = 669A0AAE2A9F7A8E0060A151 /* Build configuration list for PBXNativeTarget "TeleVisionTests" */;
			buildPhases = (
				669A0A9F2A9F7A8E0060A151 /* Sources */,
				669A0AA02A9F7A8E0060A151 /* Frameworks */,
				669A0AA12A9F7A8E0060A151 /* Resources */,
			);
			buildRules = (
			);
			dependencies = (
				669A0AA52A9F7A8E0060A151 /* PBXTargetDependency */,
			);
			name = TeleVisionTests;
			productName = TeleVisionTests;
			productReference = 669A0AA32A9F7A8E0060A151 /* TeleVisionTests.xctest */;
			productType = "com.apple.product-type.bundle.unit-test";
		};
/* End PBXNativeTarget section */

/* Begin PBXProject section */
		669A0A822A9F7A8B0060A151 /* Project object */ = {
			isa = PBXProject;
			attributes = {
				BuildIndependentTargetsInParallel = 1;
				LastSwiftUpdateCheck = 1500;
				LastUpgradeCheck = 1500;
				TargetAttributes = {
					669A0A892A9F7A8B0060A151 = {
						CreatedOnToolsVersion = 15.0;
					};
					669A0AA22A9F7A8E0060A151 = {
						CreatedOnToolsVersion = 15.0;
						TestTargetID = 669A0A892A9F7A8B0060A151;
					};
				};
			};
			buildConfigurationList = 669A0A852A9F7A8B0060A151 /* Build configuration list for PBXProject "TeleVision" */;
			compatibilityVersion = "Xcode 14.0";
			developmentRegion = en;
			hasScannedForEncodings = 0;
			knownRegions = (
				en,
				Base,
			);
			mainGroup = 669A0A812A9F7A8B0060A151;
			productRefGroup = 669A0A8B2A9F7A8B0060A151 /* Products */;
			projectDirPath = "";
			projectRoot = "";
			targets = (
				669A0A892A9F7A8B0060A151 /* TeleVision */,
				669A0AA22A9F7A8E0060A151 /* TeleVisionTests */,
			);
		};
/* End PBXProject section */

/* Begin PBXResourcesBuildPhase section */
		669A0A882A9F7A8B0060A151 /* Resources */ = {
			isa = PBXResourcesBuildPhase;
			buildActionMask = 2147483647;
			files = (
				669A0A9A2A9F7A8D0060A151 /* Assets.xcassets in Resources */,
				669A0A9D2A9F7A8D0060A151 /* Preview Assets.xcassets in Resources */,
				669A0A982A9F7A8B0060A151 /* ImageBasedLighting.skybox in Resources */,
			);
			runOnlyForDeploymentPostprocessing = 0;
		};
		669A0AA12A9F7A8E0060A151 /* Resources */ = {
			isa = PBXResourcesBuildPhase;
			buildActionMask = 2147483647;
			files = (
			);
			runOnlyForDeploymentPostprocessing = 0;
		};
/* End PBXResourcesBuildPhase section */

/* Begin PBXSourcesBuildPhase section */
		669A0A862A9F7A8B0060A151 /* Sources */ = {
			isa = PBXSourcesBuildPhase;
			buildActionMask = 2147483647;
			files = (
				669A0A942A9F7A8B0060A151 /* ContentView.swift in Sources */,
				669A0A922A9F7A8B0060A151 /* TeleVisionApp.swift in Sources */,
				669A0A962A9F7A8B0060A151 /* ImmersiveView.swift in Sources */,
			);
			runOnlyForDeploymentPostprocessing = 0;
		};
		669A0A9F2A9F7A8E0060A151 /* Sources */ = {
			isa = PBXSourcesBuildPhase;
			buildActionMask = 2147483647;
			files = (
				669A0AA82A9F7A8E0060A151 /* TeleVisionTests.swift in Sources */,
			);
			runOnlyForDeploymentPostprocessing = 0;
		};
/* End PBXSourcesBuildPhase section */

/* Begin PBXTargetDependency section */
		669A0AA52A9F7A8E0060A151 /* PBXTargetDependency */ = {
			isa = PBXTargetDependency;
			target = 669A0A892A9F7A8B0060A151 /* TeleVision */;
			targetProxy = 669A0AA42A9F7A8E0060A151 /* PBXContainerItemProxy */;
		};
/* End PBXTargetDependency section */

/* Begin XCBuildConfiguration section */
		669A0AA92A9F7A8E0060A151 /* Debug */ = {
			isa = XCBuildConfiguration;
			buildSettings = {
				ALWAYS_SEARCH_USER_PATHS = NO;
				ASSETCATALOG_COMPILER_GENERATE_SWIFT_ASSET_SYMBOL_EXTENSIONS = YES;
				CLANG_ANALYZER_NONNULL = YES;
				CLANG_ANALYZER_NUMBER_OBJECT_CONVERSION = YES_AGGRESSIVE;
				CLANG_CXX_LANGUAGE_STANDARD = "gnu++20";
				CLANG_ENABLE_MODULES = YES;
				CLANG_ENABLE_OBJC_ARC = YES;
				CLANG_ENABLE_OBJC_WEAK = YES;
				CLANG_WARN_BLOCK_CAPTURE_AUTORELEASING = YES;
				CLANG_WARN_BOOL_CONVERSION = YES;
				CLANG_WARN_COMMA = YES;
				CLANG_WARN_CONSTANT_CONVERSION = YES;
				CLANG_WARN_DEPRECATED_OBJC_IMPLEMENTATIONS = YES;
				CLANG_WARN_DIRECT_OBJC_ISA_USAGE = YES_ERROR;
				CLANG_WARN_DOCUMENTATION_COMMENTS = YES;
				CLANG_WARN_EMPTY_BODY = YES;
				CLANG_WARN_ENUM_CONVERSION = YES;
				CLANG_WARN_INFINITE_RECURSION = YES;
				CLANG_WARN_INT_CONVERSION = YES;
				CLANG_WARN_NON_LITERAL_NULL_CONVERSION = YES;
				CLANG_WARN_OBJC_IMPLICIT_RETAIN_SELF = YES;
				CLANG_WARN_OBJC_LITERAL_CONVERSION = YES;
				CLANG_WARN_OBJC_ROOT_CLASS = YES_ERROR;
				CLANG_WARN_QUOTED_INCLUDE_IN_FRAMEWORK_HEADER = YES;
				CLANG_WARN_RANGE_LOOP_ANALYSIS = YES;
				CLANG_WARN_STRICT_PROTOTYPES = YES;
				CLANG_WARN_SUSPICIOUS_MOVE = YES;
				CLANG_WARN_UNGUARDED_AVAILABILITY = YES_AGGRESSIVE;
				CLANG_WARN_UNREACHABLE_CODE = YES;
				CLANG_WARN__DUPLICATE_METHOD_MATCH = YES;
				COPY_PHASE_STRIP = NO;
				DEBUG_INFORMATION_FORMAT = dwarf;
				ENABLE_STRICT_OBJC_MSGSEND = YES;
				ENABLE_TESTABILITY = YES;
				ENABLE_USER_SCRIPT_SANDBOXING = YES;
				GCC_C_LANGUAGE_STANDARD = gnu17;
				GCC_DYNAMIC_NO_PIC = NO;
				GCC_NO_COMMON_BLOCKS = YES;
				GCC_OPTIMIZATION_LEVEL = 0;
				GCC_PREPROCESSOR_DEFINITIONS = (
					"DEBUG=1",
					"$(inherited)",
				);
				GCC_WARN_64_TO_32_BIT_CONVERSION = YES;
				GCC_WARN_ABOUT_RETURN_TYPE = YES_ERROR;
				GCC_WARN_UNDECLARED_SELECTOR = YES;
				GCC_WARN_UNINITIALIZED_AUTOS = YES_AGGRESSIVE;
				GCC_WARN_UNUSED_FUNCTION = YES;
				GCC_WARN_UNUSED_VARIABLE = YES;
				LOCALIZATION_PREFERS_STRING_CATALOGS = YES;
				MTL_ENABLE_DEBUG_INFO = INCLUDE_SOURCE;
				MTL_FAST_MATH = YES;
				ONLY_ACTIVE_ARCH = YES;
				SDKROOT = xros;
				SWIFT_ACTIVE_COMPILATION_CONDITIONS = "DEBUG $(inherited)";
				SWIFT_OPTIMIZATION_LEVEL = "-Onone";
				XROS_DEPLOYMENT_TARGET = 1.0;
			};
			name = Debug;
		};
		669A0AAA2A9F7A8E0060A151 /* Release */ = {
			isa = XCBuildConfiguration;
			buildSettings = {
				ALWAYS_SEARCH_USER_PATHS = NO;
				ASSETCATALOG_COMPILER_GENERATE_SWIFT_ASSET_SYMBOL_EXTENSIONS = YES;
				CLANG_ANALYZER_NONNULL = YES;
				CLANG_ANALYZER_NUMBER_OBJECT_CONVERSION = YES_AGGRESSIVE;
				CLANG_CXX_LANGUAGE_STANDARD = "gnu++20";
				CLANG_ENABLE_MODULES = YES;
				CLANG_ENABLE_OBJC_ARC = YES;
				CLANG_ENABLE_OBJC_WEAK = YES;
				CLANG_WARN_BLOCK_CAPTURE_AUTORELEASING = YES;
				CLANG_WARN_BOOL_CONVERSION = YES;
				CLANG_WARN_COMMA = YES;
				CLANG_WARN_CONSTANT_CONVERSION = YES;
				CLANG_WARN_DEPRECATED_OBJC_IMPLEMENTATIONS = YES;
				CLANG_WARN_DIRECT_OBJC_ISA_USAGE = YES_ERROR;
				CLANG_WARN_DOCUMENTATION_COMMENTS = YES;
				CLANG_WARN_EMPTY_BODY = YES;
				CLANG_WARN_ENUM_CONVERSION = YES;
				CLANG_WARN_INFINITE_RECURSION = YES;
				CLANG_WARN_INT_CONVERSION = YES;
				CLANG_WARN_NON_LITERAL_NULL_CONVERSION = YES;
				CLANG_WARN_OBJC_IMPLICIT_RETAIN_SELF = YES;
				CLANG_WARN_OBJC_LITERAL_CONVERSION = YES;
				CLANG_WARN_OBJC_ROOT_CLASS = YES_ERROR;
				CLANG_WARN_QUOTED_INCLUDE_IN_FRAMEWORK_HEADER = YES;
				CLANG_WARN_RANGE_LOOP_ANALYSIS = YES;
				CLANG_WARN_STRICT_PROTOTYPES = YES;
				CLANG_WARN_SUSPICIOUS_MOVE = YES;
				CLANG_WARN_UNGUARDED_AVAILABILITY = YES_AGGRESSIVE;
				CLANG_WARN_UNREACHABLE_CODE = YES;
				CLANG_WARN__DUPLICATE_METHOD_MATCH = YES;
				COPY_PHASE_STRIP = NO;
				DEBUG_INFORMATION_FORMAT = "dwarf-with-dsym";
				ENABLE_NS_ASSERTIONS = NO;
				ENABLE_STRICT_OBJC_MSGSEND = YES;
				ENABLE_USER_SCRIPT_SANDBOXING = YES;
				GCC_C_LANGUAGE_STANDARD = gnu17;
				GCC_NO_COMMON_BLOCKS = YES;
				GCC_WARN_64_TO_32_BIT_CONVERSION = YES;
				GCC_WARN_ABOUT_RETURN_TYPE = YES_ERROR;
				GCC_WARN_UNDECLARED_SELECTOR = YES;
				GCC_WARN_UNINITIALIZED_AUTOS = YES_AGGRESSIVE;
				GCC_WARN_UNUSED_FUNCTION = YES;
				GCC_WARN_UNUSED_VARIABLE = YES;
				LOCALIZATION_PREFERS_STRING_CATALOGS = YES;
				MTL_ENABLE_DEBUG_INFO = NO;
				MTL_FAST_MATH = YES;
				SDKROOT = xros;
				SWIFT_COMPILATION_MODE = wholemodule;
				VALIDATE_PRODUCT = YES;
				XROS_DEPLOYMENT_TARGET = 1.0;
			};
			name = Release;
		};
		669A0AAC2A9F7A8E0060A151 /* Debug */ = {
			isa = XCBuildConfiguration;
			buildSettings = {
				ASSETCATALOG_COMPILER_APPICON_NAME = AppIcon;
				ASSETCATALOG_COMPILER_GLOBAL_ACCENT_COLOR_NAME = AccentColor;
				CODE_SIGN_STYLE = Automatic;
				CURRENT_PROJECT_VERSION = 1;
				DEVELOPMENT_ASSET_PATHS = "\"TeleVision/Preview Content\"";
				DEVELOPMENT_TEAM = 83B2QJMS93;
				ENABLE_PREVIEWS = YES;
				GENERATE_INFOPLIST_FILE = YES;
				INFOPLIST_FILE = "$(TARGET_NAME)/Info.plist";
				LD_RUNPATH_SEARCH_PATHS = (
					"$(inherited)",
					"@executable_path/Frameworks",
				);
				MARKETING_VERSION = 1.0;
				PRODUCT_BUNDLE_IDENTIFIER = com.krhamby.TeleVision;
				PRODUCT_NAME = "$(TARGET_NAME)";
				SUPPORTED_PLATFORMS = "xros xrsimulator";
				SWIFT_EMIT_LOC_STRINGS = YES;
				SWIFT_VERSION = 5.0;
				TARGETED_DEVICE_FAMILY = "1,2,7";
			};
			name = Debug;
		};
		669A0AAD2A9F7A8E0060A151 /* Release */ = {
			isa = XCBuildConfiguration;
			buildSettings = {
				ASSETCATALOG_COMPILER_APPICON_NAME = AppIcon;
				ASSETCATALOG_COMPILER_GLOBAL_ACCENT_COLOR_NAME = AccentColor;
				CODE_SIGN_STYLE = Automatic;
				CURRENT_PROJECT_VERSION = 1;
				DEVELOPMENT_ASSET_PATHS = "\"TeleVision/Preview Content\"";
				DEVELOPMENT_TEAM = 83B2QJMS93;
				ENABLE_PREVIEWS = YES;
				GENERATE_INFOPLIST_FILE = YES;
				INFOPLIST_FILE = "$(TARGET_NAME)/Info.plist";
				LD_RUNPATH_SEARCH_PATHS = (
					"$(inherited)",
					"@executable_path/Frameworks",
				);
				MARKETING_VERSION = 1.0;
				PRODUCT_BUNDLE_IDENTIFIER = com.krhamby.TeleVision;
				PRODUCT_NAME = "$(TARGET_NAME)";
				SUPPORTED_PLATFORMS = "xros xrsimulator";
				SWIFT_EMIT_LOC_STRINGS = YES;
				SWIFT_VERSION = 5.0;
				TARGETED_DEVICE_FAMILY = "1,2,7";
			};
			name = Release;
		};
		669A0AAF2A9F7A8E0060A151 /* Debug */ = {
			isa = XCBuildConfiguration;
			buildSettings = {
				ALWAYS_EMBED_SWIFT_STANDARD_LIBRARIES = YES;
				BUNDLE_LOADER = "$(TEST_HOST)";
				CODE_SIGN_STYLE = Automatic;
				CURRENT_PROJECT_VERSION = 1;
				DEVELOPMENT_TEAM = 83B2QJMS93;
				GENERATE_INFOPLIST_FILE = YES;
				MARKETING_VERSION = 1.0;
				PRODUCT_BUNDLE_IDENTIFIER = com.krhamby.TeleVisionTests;
				PRODUCT_NAME = "$(TARGET_NAME)";
				SUPPORTED_PLATFORMS = "xros xrsimulator";
				SWIFT_EMIT_LOC_STRINGS = NO;
				SWIFT_VERSION = 5.0;
				TARGETED_DEVICE_FAMILY = "1,2,7";
				TEST_HOST = "$(BUILT_PRODUCTS_DIR)/TeleVision.app/$(BUNDLE_EXECUTABLE_FOLDER_PATH)/TeleVision";
				XROS_DEPLOYMENT_TARGET = 1.0;
			};
			name = Debug;
		};
		669A0AB02A9F7A8E0060A151 /* Release */ = {
			isa = XCBuildConfiguration;
			buildSettings = {
				ALWAYS_EMBED_SWIFT_STANDARD_LIBRARIES = YES;
				BUNDLE_LOADER = "$(TEST_HOST)";
				CODE_SIGN_STYLE = Automatic;
				CURRENT_PROJECT_VERSION = 1;
				DEVELOPMENT_TEAM = 83B2QJMS93;
				GENERATE_INFOPLIST_FILE = YES;
				MARKETING_VERSION = 1.0;
				PRODUCT_BUNDLE_IDENTIFIER = com.krhamby.TeleVisionTests;
				PRODUCT_NAME = "$(TARGET_NAME)";
				SUPPORTED_PLATFORMS = "xros xrsimulator";
				SWIFT_EMIT_LOC_STRINGS = NO;
				SWIFT_VERSION = 5.0;
				TARGETED_DEVICE_FAMILY = "1,2,7";
				TEST_HOST = "$(BUILT_PRODUCTS_DIR)/TeleVision.app/$(BUNDLE_EXECUTABLE_FOLDER_PATH)/TeleVision";
				XROS_DEPLOYMENT_TARGET = 1.0;
			};
			name = Release;
		};
/* End XCBuildConfiguration section */

/* Begin XCConfigurationList section */
		669A0A852A9F7A8B0060A151 /* Build configuration list for PBXProject "TeleVision" */ = {
			isa = XCConfigurationList;
			buildConfigurations = (
				669A0AA92A9F7A8E0060A151 /* Debug */,
				669A0AAA2A9F7A8E0060A151 /* Release */,
			);
			defaultConfigurationIsVisible = 0;
			defaultConfigurationName = Release;
		};
		669A0AAB2A9F7A8E0060A151 /* Build configuration list for PBXNativeTarget "TeleVision" */ = {
			isa = XCConfigurationList;
			buildConfigurations = (
				669A0AAC2A9F7A8E0060A151 /* Debug */,
				669A0AAD2A9F7A8E0060A151 /* Release */,
			);
			defaultConfigurationIsVisible = 0;
			defaultConfigurationName = Release;
		};
		669A0AAE2A9F7A8E0060A151 /* Build configuration list for PBXNativeTarget "TeleVisionTests" */ = {
			isa = XCConfigurationList;
			buildConfigurations = (
				669A0AAF2A9F7A8E0060A151 /* Debug */,
				669A0AB02A9F7A8E0060A151 /* Release */,
			);
			defaultConfigurationIsVisible = 0;
			defaultConfigurationName = Release;
		};
/* End XCConfigurationList section */

/* Begin XCSwiftPackageProductDependency section */
		669A0A8F2A9F7A8B0060A151 /* RealityKitContent */ = {
			isa = XCSwiftPackageProductDependency;
			productName = RealityKitContent;
		};
/* End XCSwiftPackageProductDependency section */
	};
	rootObject = 669A0A822A9F7A8B0060A151 /* Project object */;
}
